// !$*UTF8*$!
{
	archiveVersion = 1;
	classes = {
	};
	objectVersion = 56;
	objects = {

/* Begin PBXBuildFile section */
		112D914929BD120C0057BB6E /* mac_extensiLEApp.swift in Sources */ = {isa = PBXBuildFile; fileRef = 112D914829BD120C0057BB6E /* mac_extensiLEApp.swift */; };
		112D914B29BD120C0057BB6E /* ContentView.swift in Sources */ = {isa = PBXBuildFile; fileRef = 112D914A29BD120C0057BB6E /* ContentView.swift */; };
		112D915B29BD120D0057BB6E /* mac_extensiLETests.swift in Sources */ = {isa = PBXBuildFile; fileRef = 112D915A29BD120D0057BB6E /* mac_extensiLETests.swift */; };
		112D916529BD120D0057BB6E /* mac_extensiLEUITests.swift in Sources */ = {isa = PBXBuildFile; fileRef = 112D916429BD120D0057BB6E /* mac_extensiLEUITests.swift */; };
		112D916729BD120D0057BB6E /* mac_extensiLEUITestsLaunchTests.swift in Sources */ = {isa = PBXBuildFile; fileRef = 112D916629BD120D0057BB6E /* mac_extensiLEUITestsLaunchTests.swift */; };
		112D917529BD12750057BB6E /* PythonKit in Frameworks */ = {isa = PBXBuildFile; productRef = 112D917429BD12750057BB6E /* PythonKit */; };
		112DA0C529BE645C0057BB6E /* SystemConfiguration.framework in Frameworks */ = {isa = PBXBuildFile; fileRef = 112DA0C429BE645C0057BB6E /* SystemConfiguration.framework */; };
		112DA0C629BE64680057BB6E /* Assets.xcassets in Resources */ = {isa = PBXBuildFile; fileRef = 112D914C29BD120D0057BB6E /* Assets.xcassets */; };
		112DA0D229BE67A60057BB6E /* Python.xcframework in Frameworks */ = {isa = PBXBuildFile; fileRef = 112DA0D129BE67A60057BB6E /* Python.xcframework */; };
		112DA0D329BE67A60057BB6E /* Python.xcframework in Frameworks */ = {isa = PBXBuildFile; fileRef = 112DA0D129BE67A60057BB6E /* Python.xcframework */; };
		112DA0D429BE67A60057BB6E /* Python.xcframework in Frameworks */ = {isa = PBXBuildFile; fileRef = 112DA0D129BE67A60057BB6E /* Python.xcframework */; };
		112DA0D629BE67B00057BB6E /* python-stdlib in Resources */ = {isa = PBXBuildFile; fileRef = 112DA0D529BE67B00057BB6E /* python-stdlib */; };
		112DA0D729BE67B00057BB6E /* python-stdlib in Resources */ = {isa = PBXBuildFile; fileRef = 112DA0D529BE67B00057BB6E /* python-stdlib */; };
		112DA0D829BE67B00057BB6E /* python-stdlib in Resources */ = {isa = PBXBuildFile; fileRef = 112DA0D529BE67B00057BB6E /* python-stdlib */; };
		112DA0DA29BE691C0057BB6E /* python-stdlib in CopyFiles */ = {isa = PBXBuildFile; fileRef = 112DA0D529BE67B00057BB6E /* python-stdlib */; settings = {ATTRIBUTES = (CodeSignOnCopy, ); }; };
		112DA0DC29BE6D150057BB6E /* PythonKitTest.swift in Sources */ = {isa = PBXBuildFile; fileRef = 112DA0DB29BE6D150057BB6E /* PythonKitTest.swift */; };
		112DA0DD29BE6D150057BB6E /* PythonKitTest.swift in Sources */ = {isa = PBXBuildFile; fileRef = 112DA0DB29BE6D150057BB6E /* PythonKitTest.swift */; };
		112DA0DE29BE6D150057BB6E /* PythonKitTest.swift in Sources */ = {isa = PBXBuildFile; fileRef = 112DA0DB29BE6D150057BB6E /* PythonKitTest.swift */; };
		112DA0E129BEA80E0057BB6E /* hello.py in Resources */ = {isa = PBXBuildFile; fileRef = 112DA0E029BEA80E0057BB6E /* hello.py */; };
		112DA0E229BEA80E0057BB6E /* hello.py in Resources */ = {isa = PBXBuildFile; fileRef = 112DA0E029BEA80E0057BB6E /* hello.py */; };
		112DA0E329BEA80E0057BB6E /* hello.py in Resources */ = {isa = PBXBuildFile; fileRef = 112DA0E029BEA80E0057BB6E /* hello.py */; };
		112DA0E629BF63D70057BB6E /* HomeView.swift in Sources */ = {isa = PBXBuildFile; fileRef = 112DA0E529BF63D70057BB6E /* HomeView.swift */; };
		112DA0E729BF63D70057BB6E /* HomeView.swift in Sources */ = {isa = PBXBuildFile; fileRef = 112DA0E529BF63D70057BB6E /* HomeView.swift */; };
		112DA0E829BF63D70057BB6E /* HomeView.swift in Sources */ = {isa = PBXBuildFile; fileRef = 112DA0E529BF63D70057BB6E /* HomeView.swift */; };
		112DA0EB29BF642D0057BB6E /* EducationView.swift in Sources */ = {isa = PBXBuildFile; fileRef = 112DA0EA29BF642D0057BB6E /* EducationView.swift */; };
		112DA0EC29BF642D0057BB6E /* EducationView.swift in Sources */ = {isa = PBXBuildFile; fileRef = 112DA0EA29BF642D0057BB6E /* EducationView.swift */; };
		112DA0ED29BF642D0057BB6E /* EducationView.swift in Sources */ = {isa = PBXBuildFile; fileRef = 112DA0EA29BF642D0057BB6E /* EducationView.swift */; };
		112DA0F029BF64550057BB6E /* AccountView.swift in Sources */ = {isa = PBXBuildFile; fileRef = 112DA0EF29BF64550057BB6E /* AccountView.swift */; };
		112DA0F129BF64550057BB6E /* AccountView.swift in Sources */ = {isa = PBXBuildFile; fileRef = 112DA0EF29BF64550057BB6E /* AccountView.swift */; };
		112DA0F229BF64550057BB6E /* AccountView.swift in Sources */ = {isa = PBXBuildFile; fileRef = 112DA0EF29BF64550057BB6E /* AccountView.swift */; };
		112DA0F529BF64A90057BB6E /* RecordPlayView.swift in Sources */ = {isa = PBXBuildFile; fileRef = 112DA0F429BF64A90057BB6E /* RecordPlayView.swift */; };
		112DA0F629BF64A90057BB6E /* RecordPlayView.swift in Sources */ = {isa = PBXBuildFile; fileRef = 112DA0F429BF64A90057BB6E /* RecordPlayView.swift */; };
		112DA0F729BF64A90057BB6E /* RecordPlayView.swift in Sources */ = {isa = PBXBuildFile; fileRef = 112DA0F429BF64A90057BB6E /* RecordPlayView.swift */; };
		112DA70429BFBB450057BB6E /* AddDataView.swift in Sources */ = {isa = PBXBuildFile; fileRef = 112DA70329BFBB450057BB6E /* AddDataView.swift */; };
		112DA70529BFBB450057BB6E /* AddDataView.swift in Sources */ = {isa = PBXBuildFile; fileRef = 112DA70329BFBB450057BB6E /* AddDataView.swift */; };
		112DA70629BFBB450057BB6E /* AddDataView.swift in Sources */ = {isa = PBXBuildFile; fileRef = 112DA70329BFBB450057BB6E /* AddDataView.swift */; };
		112DA70929BFC1010057BB6E /* UploadData.py in Resources */ = {isa = PBXBuildFile; fileRef = 112DA70829BFC1010057BB6E /* UploadData.py */; };
		112DA70A29BFC1010057BB6E /* UploadData.py in Resources */ = {isa = PBXBuildFile; fileRef = 112DA70829BFC1010057BB6E /* UploadData.py */; };
		112DA70B29BFC1010057BB6E /* UploadData.py in Resources */ = {isa = PBXBuildFile; fileRef = 112DA70829BFC1010057BB6E /* UploadData.py */; };
		112DA71129C75E4E0057BB6E /* ClassificationAlgorithms.py in Resources */ = {isa = PBXBuildFile; fileRef = 112DA71029C75E4E0057BB6E /* ClassificationAlgorithms.py */; };
		112DA71229C75E4E0057BB6E /* ClassificationAlgorithms.py in Resources */ = {isa = PBXBuildFile; fileRef = 112DA71029C75E4E0057BB6E /* ClassificationAlgorithms.py */; };
		112DA71329C75E4E0057BB6E /* ClassificationAlgorithms.py in Resources */ = {isa = PBXBuildFile; fileRef = 112DA71029C75E4E0057BB6E /* ClassificationAlgorithms.py */; };
/* End PBXBuildFile section */

/* Begin PBXContainerItemProxy section */
		112D915729BD120D0057BB6E /* PBXContainerItemProxy */ = {
			isa = PBXContainerItemProxy;
			containerPortal = 112D913D29BD120C0057BB6E /* Project object */;
			proxyType = 1;
			remoteGlobalIDString = 112D914429BD120C0057BB6E;
			remoteInfo = mac_extensiLE;
		};
		112D916129BD120D0057BB6E /* PBXContainerItemProxy */ = {
			isa = PBXContainerItemProxy;
			containerPortal = 112D913D29BD120C0057BB6E /* Project object */;
			proxyType = 1;
			remoteGlobalIDString = 112D914429BD120C0057BB6E;
			remoteInfo = mac_extensiLE;
		};
/* End PBXContainerItemProxy section */

/* Begin PBXCopyFilesBuildPhase section */
		112DA0D929BE69090057BB6E /* CopyFiles */ = {
			isa = PBXCopyFilesBuildPhase;
			buildActionMask = 2147483647;
			dstPath = "python-stdlib";
			dstSubfolderSpec = 7;
			files = (
				112DA0DA29BE691C0057BB6E /* python-stdlib in CopyFiles */,
			);
			runOnlyForDeploymentPostprocessing = 0;
		};
/* End PBXCopyFilesBuildPhase section */

/* Begin PBXFileReference section */
		112D914529BD120C0057BB6E /* mac_extensiLE.app */ = {isa = PBXFileReference; explicitFileType = wrapper.application; includeInIndex = 0; path = mac_extensiLE.app; sourceTree = BUILT_PRODUCTS_DIR; };
		112D914829BD120C0057BB6E /* mac_extensiLEApp.swift */ = {isa = PBXFileReference; lastKnownFileType = sourcecode.swift; path = mac_extensiLEApp.swift; sourceTree = "<group>"; };
		112D914A29BD120C0057BB6E /* ContentView.swift */ = {isa = PBXFileReference; lastKnownFileType = sourcecode.swift; path = ContentView.swift; sourceTree = "<group>"; };
		112D914C29BD120D0057BB6E /* Assets.xcassets */ = {isa = PBXFileReference; lastKnownFileType = folder.assetcatalog; path = Assets.xcassets; sourceTree = "<group>"; };
		112D914F29BD120D0057BB6E /* Preview Assets.xcassets */ = {isa = PBXFileReference; lastKnownFileType = folder.assetcatalog; path = "Preview Assets.xcassets"; sourceTree = "<group>"; };
		112D915129BD120D0057BB6E /* mac_extensiLE.entitlements */ = {isa = PBXFileReference; lastKnownFileType = text.plist.entitlements; path = mac_extensiLE.entitlements; sourceTree = "<group>"; };
		112D915629BD120D0057BB6E /* mac_extensiLETests.xctest */ = {isa = PBXFileReference; explicitFileType = wrapper.cfbundle; includeInIndex = 0; path = mac_extensiLETests.xctest; sourceTree = BUILT_PRODUCTS_DIR; };
		112D915A29BD120D0057BB6E /* mac_extensiLETests.swift */ = {isa = PBXFileReference; lastKnownFileType = sourcecode.swift; path = mac_extensiLETests.swift; sourceTree = "<group>"; };
		112D916029BD120D0057BB6E /* mac_extensiLEUITests.xctest */ = {isa = PBXFileReference; explicitFileType = wrapper.cfbundle; includeInIndex = 0; path = mac_extensiLEUITests.xctest; sourceTree = BUILT_PRODUCTS_DIR; };
		112D916429BD120D0057BB6E /* mac_extensiLEUITests.swift */ = {isa = PBXFileReference; lastKnownFileType = sourcecode.swift; path = mac_extensiLEUITests.swift; sourceTree = "<group>"; };
		112D916629BD120D0057BB6E /* mac_extensiLEUITestsLaunchTests.swift */ = {isa = PBXFileReference; lastKnownFileType = sourcecode.swift; path = mac_extensiLEUITestsLaunchTests.swift; sourceTree = "<group>"; };
		112DA0C429BE645C0057BB6E /* SystemConfiguration.framework */ = {isa = PBXFileReference; lastKnownFileType = wrapper.framework; name = SystemConfiguration.framework; path = System/Library/Frameworks/SystemConfiguration.framework; sourceTree = SDKROOT; };
		112DA0D129BE67A60057BB6E /* Python.xcframework */ = {isa = PBXFileReference; lastKnownFileType = wrapper.xcframework; path = Python.xcframework; sourceTree = "<group>"; };
		112DA0D529BE67B00057BB6E /* python-stdlib */ = {isa = PBXFileReference; lastKnownFileType = folder; path = "python-stdlib"; sourceTree = "<group>"; };
		112DA0DB29BE6D150057BB6E /* PythonKitTest.swift */ = {isa = PBXFileReference; lastKnownFileType = sourcecode.swift; path = PythonKitTest.swift; sourceTree = "<group>"; };
		112DA0E029BEA80E0057BB6E /* hello.py */ = {isa = PBXFileReference; lastKnownFileType = text.script.python; path = hello.py; sourceTree = "<group>"; };
		112DA0E529BF63D70057BB6E /* HomeView.swift */ = {isa = PBXFileReference; lastKnownFileType = sourcecode.swift; path = HomeView.swift; sourceTree = "<group>"; };
		112DA0EA29BF642D0057BB6E /* EducationView.swift */ = {isa = PBXFileReference; lastKnownFileType = sourcecode.swift; path = EducationView.swift; sourceTree = "<group>"; };
		112DA0EF29BF64550057BB6E /* AccountView.swift */ = {isa = PBXFileReference; lastKnownFileType = sourcecode.swift; path = AccountView.swift; sourceTree = "<group>"; };
		112DA0F429BF64A90057BB6E /* RecordPlayView.swift */ = {isa = PBXFileReference; lastKnownFileType = sourcecode.swift; path = RecordPlayView.swift; sourceTree = "<group>"; };
		112DA70329BFBB450057BB6E /* AddDataView.swift */ = {isa = PBXFileReference; lastKnownFileType = sourcecode.swift; path = AddDataView.swift; sourceTree = "<group>"; };
		112DA70829BFC1010057BB6E /* UploadData.py */ = {isa = PBXFileReference; lastKnownFileType = text.script.python; path = UploadData.py; sourceTree = "<group>"; };
		112DA71029C75E4E0057BB6E /* ClassificationAlgorithms.py */ = {isa = PBXFileReference; lastKnownFileType = text.script.python; path = ClassificationAlgorithms.py; sourceTree = "<group>"; };
/* End PBXFileReference section */

/* Begin PBXFrameworksBuildPhase section */
		112D914229BD120C0057BB6E /* Frameworks */ = {
			isa = PBXFrameworksBuildPhase;
			buildActionMask = 2147483647;
			files = (
				112D917529BD12750057BB6E /* PythonKit in Frameworks */,
				112DA0D229BE67A60057BB6E /* Python.xcframework in Frameworks */,
				112DA0C529BE645C0057BB6E /* SystemConfiguration.framework in Frameworks */,
			);
			runOnlyForDeploymentPostprocessing = 0;
		};
		112D915329BD120D0057BB6E /* Frameworks */ = {
			isa = PBXFrameworksBuildPhase;
			buildActionMask = 2147483647;
			files = (
				112DA0D329BE67A60057BB6E /* Python.xcframework in Frameworks */,
			);
			runOnlyForDeploymentPostprocessing = 0;
		};
		112D915D29BD120D0057BB6E /* Frameworks */ = {
			isa = PBXFrameworksBuildPhase;
			buildActionMask = 2147483647;
			files = (
				112DA0D429BE67A60057BB6E /* Python.xcframework in Frameworks */,
			);
			runOnlyForDeploymentPostprocessing = 0;
		};
/* End PBXFrameworksBuildPhase section */

/* Begin PBXGroup section */
		112D913C29BD120C0057BB6E = {
			isa = PBXGroup;
			children = (
				112DA0D129BE67A60057BB6E /* Python.xcframework */,
				112DA0D529BE67B00057BB6E /* python-stdlib */,
				112D914729BD120C0057BB6E /* mac_extensiLE */,
				112D915929BD120D0057BB6E /* mac_extensiLETests */,
				112D916329BD120D0057BB6E /* mac_extensiLEUITests */,
				112D914629BD120C0057BB6E /* Products */,
				112DA0C329BE645C0057BB6E /* Frameworks */,
			);
			sourceTree = "<group>";
		};
		112D914629BD120C0057BB6E /* Products */ = {
			isa = PBXGroup;
			children = (
				112D914529BD120C0057BB6E /* mac_extensiLE.app */,
				112D915629BD120D0057BB6E /* mac_extensiLETests.xctest */,
				112D916029BD120D0057BB6E /* mac_extensiLEUITests.xctest */,
			);
			name = Products;
			sourceTree = "<group>";
		};
		112D914729BD120C0057BB6E /* mac_extensiLE */ = {
			isa = PBXGroup;
			children = (
				112DA70729BFC0E90057BB6E /* PythonFiles */,
				112DA70229BFBB2C0057BB6E /* AddData */,
				112DA0F329BF64990057BB6E /* RecordPlay */,
				112DA0EE29BF64480057BB6E /* Account */,
				112DA0E929BF64130057BB6E /* Education */,
				112DA0E429BF63BF0057BB6E /* Home */,
				112DA0DF29BEA7D90057BB6E /* PythonTests */,
				112D914829BD120C0057BB6E /* mac_extensiLEApp.swift */,
				112D914A29BD120C0057BB6E /* ContentView.swift */,
				112D914C29BD120D0057BB6E /* Assets.xcassets */,
				112D915129BD120D0057BB6E /* mac_extensiLE.entitlements */,
				112D914E29BD120D0057BB6E /* Preview Content */,
				112DA0DB29BE6D150057BB6E /* PythonKitTest.swift */,
			);
			path = mac_extensiLE;
			sourceTree = "<group>";
		};
		112D914E29BD120D0057BB6E /* Preview Content */ = {
			isa = PBXGroup;
			children = (
				112D914F29BD120D0057BB6E /* Preview Assets.xcassets */,
			);
			path = "Preview Content";
			sourceTree = "<group>";
		};
		112D915929BD120D0057BB6E /* mac_extensiLETests */ = {
			isa = PBXGroup;
			children = (
				112D915A29BD120D0057BB6E /* mac_extensiLETests.swift */,
			);
			path = mac_extensiLETests;
			sourceTree = "<group>";
		};
		112D916329BD120D0057BB6E /* mac_extensiLEUITests */ = {
			isa = PBXGroup;
			children = (
				112D916429BD120D0057BB6E /* mac_extensiLEUITests.swift */,
				112D916629BD120D0057BB6E /* mac_extensiLEUITestsLaunchTests.swift */,
			);
			path = mac_extensiLEUITests;
			sourceTree = "<group>";
		};
		112DA0C329BE645C0057BB6E /* Frameworks */ = {
			isa = PBXGroup;
			children = (
				112DA0C429BE645C0057BB6E /* SystemConfiguration.framework */,
			);
			name = Frameworks;
			sourceTree = "<group>";
		};
		112DA0DF29BEA7D90057BB6E /* PythonTests */ = {
			isa = PBXGroup;
			children = (
				112DA0E029BEA80E0057BB6E /* hello.py */,
			);
			path = PythonTests;
			sourceTree = "<group>";
		};
		112DA0E429BF63BF0057BB6E /* Home */ = {
			isa = PBXGroup;
			children = (
				112DA0E529BF63D70057BB6E /* HomeView.swift */,
			);
			path = Home;
			sourceTree = "<group>";
		};
		112DA0E929BF64130057BB6E /* Education */ = {
			isa = PBXGroup;
			children = (
				112DA0EA29BF642D0057BB6E /* EducationView.swift */,
			);
			path = Education;
			sourceTree = "<group>";
		};
		112DA0EE29BF64480057BB6E /* Account */ = {
			isa = PBXGroup;
			children = (
				112DA0EF29BF64550057BB6E /* AccountView.swift */,
			);
			path = Account;
			sourceTree = "<group>";
		};
		112DA0F329BF64990057BB6E /* RecordPlay */ = {
			isa = PBXGroup;
			children = (
				112DA0F429BF64A90057BB6E /* RecordPlayView.swift */,
			);
			path = RecordPlay;
			sourceTree = "<group>";
		};
		112DA70229BFBB2C0057BB6E /* AddData */ = {
			isa = PBXGroup;
			children = (
				112DA70329BFBB450057BB6E /* AddDataView.swift */,
			);
			path = AddData;
			sourceTree = "<group>";
		};
		112DA70729BFC0E90057BB6E /* PythonFiles */ = {
			isa = PBXGroup;
			children = (
				112DA70829BFC1010057BB6E /* UploadData.py */,
				112DA71029C75E4E0057BB6E /* ClassificationAlgorithms.py */,
			);
			path = PythonFiles;
			sourceTree = "<group>";
		};
/* End PBXGroup section */

/* Begin PBXNativeTarget section */
		112D914429BD120C0057BB6E /* mac_extensiLE */ = {
			isa = PBXNativeTarget;
			buildConfigurationList = 112D916A29BD120D0057BB6E /* Build configuration list for PBXNativeTarget "mac_extensiLE" */;
			buildPhases = (
				112D914129BD120C0057BB6E /* Sources */,
				112D914229BD120C0057BB6E /* Frameworks */,
				112D9D5229BD142F0057BB6E /* ShellScript */,
				112DA08129BE4D540057BB6E /* Resources */,
				112DA0D929BE69090057BB6E /* CopyFiles */,
			);
			buildRules = (
			);
			dependencies = (
			);
			name = mac_extensiLE;
			packageProductDependencies = (
				112D917429BD12750057BB6E /* PythonKit */,
			);
			productName = mac_extensiLE;
			productReference = 112D914529BD120C0057BB6E /* mac_extensiLE.app */;
			productType = "com.apple.product-type.application";
		};
		112D915529BD120D0057BB6E /* mac_extensiLETests */ = {
			isa = PBXNativeTarget;
			buildConfigurationList = 112D916D29BD120D0057BB6E /* Build configuration list for PBXNativeTarget "mac_extensiLETests" */;
			buildPhases = (
				112D915229BD120D0057BB6E /* Sources */,
				112D915329BD120D0057BB6E /* Frameworks */,
				112D915429BD120D0057BB6E /* Resources */,
			);
			buildRules = (
			);
			dependencies = (
				112D915829BD120D0057BB6E /* PBXTargetDependency */,
			);
			name = mac_extensiLETests;
			productName = mac_extensiLETests;
			productReference = 112D915629BD120D0057BB6E /* mac_extensiLETests.xctest */;
			productType = "com.apple.product-type.bundle.unit-test";
		};
		112D915F29BD120D0057BB6E /* mac_extensiLEUITests */ = {
			isa = PBXNativeTarget;
			buildConfigurationList = 112D917029BD120D0057BB6E /* Build configuration list for PBXNativeTarget "mac_extensiLEUITests" */;
			buildPhases = (
				112D915C29BD120D0057BB6E /* Sources */,
				112D915D29BD120D0057BB6E /* Frameworks */,
				112D915E29BD120D0057BB6E /* Resources */,
			);
			buildRules = (
			);
			dependencies = (
				112D916229BD120D0057BB6E /* PBXTargetDependency */,
			);
			name = mac_extensiLEUITests;
			productName = mac_extensiLEUITests;
			productReference = 112D916029BD120D0057BB6E /* mac_extensiLEUITests.xctest */;
			productType = "com.apple.product-type.bundle.ui-testing";
		};
/* End PBXNativeTarget section */

/* Begin PBXProject section */
		112D913D29BD120C0057BB6E /* Project object */ = {
			isa = PBXProject;
			attributes = {
				BuildIndependentTargetsInParallel = 1;
				LastSwiftUpdateCheck = 1430;
				LastUpgradeCheck = 1430;
				TargetAttributes = {
					112D914429BD120C0057BB6E = {
						CreatedOnToolsVersion = 14.3;
					};
					112D915529BD120D0057BB6E = {
						CreatedOnToolsVersion = 14.3;
						TestTargetID = 112D914429BD120C0057BB6E;
					};
					112D915F29BD120D0057BB6E = {
						CreatedOnToolsVersion = 14.3;
						TestTargetID = 112D914429BD120C0057BB6E;
					};
				};
			};
			buildConfigurationList = 112D914029BD120C0057BB6E /* Build configuration list for PBXProject "mac_extensiLE" */;
			compatibilityVersion = "Xcode 14.0";
			developmentRegion = en;
			hasScannedForEncodings = 0;
			knownRegions = (
				en,
				Base,
			);
			mainGroup = 112D913C29BD120C0057BB6E;
			packageReferences = (
				112D917329BD12750057BB6E /* XCRemoteSwiftPackageReference "PythonKit" */,
			);
			productRefGroup = 112D914629BD120C0057BB6E /* Products */;
			projectDirPath = "";
			projectRoot = "";
			targets = (
				112D914429BD120C0057BB6E /* mac_extensiLE */,
				112D915529BD120D0057BB6E /* mac_extensiLETests */,
				112D915F29BD120D0057BB6E /* mac_extensiLEUITests */,
			);
		};
/* End PBXProject section */

/* Begin PBXResourcesBuildPhase section */
		112D915429BD120D0057BB6E /* Resources */ = {
			isa = PBXResourcesBuildPhase;
			buildActionMask = 2147483647;
			files = (
				112DA71229C75E4E0057BB6E /* ClassificationAlgorithms.py in Resources */,
				112DA70A29BFC1010057BB6E /* UploadData.py in Resources */,
				112DA0D729BE67B00057BB6E /* python-stdlib in Resources */,
				112DA0E229BEA80E0057BB6E /* hello.py in Resources */,
			);
			runOnlyForDeploymentPostprocessing = 0;
		};
		112D915E29BD120D0057BB6E /* Resources */ = {
			isa = PBXResourcesBuildPhase;
			buildActionMask = 2147483647;
			files = (
				112DA71329C75E4E0057BB6E /* ClassificationAlgorithms.py in Resources */,
				112DA70B29BFC1010057BB6E /* UploadData.py in Resources */,
				112DA0D829BE67B00057BB6E /* python-stdlib in Resources */,
				112DA0E329BEA80E0057BB6E /* hello.py in Resources */,
			);
			runOnlyForDeploymentPostprocessing = 0;
		};
		112DA08129BE4D540057BB6E /* Resources */ = {
			isa = PBXResourcesBuildPhase;
			buildActionMask = 2147483647;
			files = (
				112DA0E129BEA80E0057BB6E /* hello.py in Resources */,
				112DA0D629BE67B00057BB6E /* python-stdlib in Resources */,
				112DA0C629BE64680057BB6E /* Assets.xcassets in Resources */,
				112DA71129C75E4E0057BB6E /* ClassificationAlgorithms.py in Resources */,
				112DA70929BFC1010057BB6E /* UploadData.py in Resources */,
			);
			runOnlyForDeploymentPostprocessing = 0;
		};
/* End PBXResourcesBuildPhase section */

/* Begin PBXShellScriptBuildPhase section */
		112D9D5229BD142F0057BB6E /* ShellScript */ = {
			isa = PBXShellScriptBuildPhase;
			alwaysOutOfDate = 1;
			buildActionMask = 8;
			files = (
			);
			inputFileListPaths = (
			);
			inputPaths = (
			);
			outputFileListPaths = (
			);
			outputPaths = (
			);
			runOnlyForDeploymentPostprocessing = 1;
			shellPath = /bin/sh;
			shellScript = "# Type a script or drag a script file from your workspace to insert its path.\nset -e\necho \"Signing as $EXPANDED_CODE_SIGN_IDENTITY_NAME ($EXPANDED_CODE_SIGN_IDENTITY)\"\nfind \"$CODESIGNING_FOLDER_PATH/Contents/Resources/python-stdlib/lib-dynload\" -name \"*.so\" -exec /usr/bin/codesign --force --sign \"$EXPANDED_CODE_SIGN_IDENTITY\" -o runtime --timestamp=none --preserve-metadata=identifier,entitlements,flags --generate-entitlement-der {} \\;\n";
		};
/* End PBXShellScriptBuildPhase section */

/* Begin PBXSourcesBuildPhase section */
		112D914129BD120C0057BB6E /* Sources */ = {
			isa = PBXSourcesBuildPhase;
			buildActionMask = 2147483647;
			files = (
				112DA0F529BF64A90057BB6E /* RecordPlayView.swift in Sources */,
				112DA0F029BF64550057BB6E /* AccountView.swift in Sources */,
				112DA70429BFBB450057BB6E /* AddDataView.swift in Sources */,
				112DA0EB29BF642D0057BB6E /* EducationView.swift in Sources */,
				112D914B29BD120C0057BB6E /* ContentView.swift in Sources */,
				112DA0E629BF63D70057BB6E /* HomeView.swift in Sources */,
				112DA0DC29BE6D150057BB6E /* PythonKitTest.swift in Sources */,
				112D914929BD120C0057BB6E /* mac_extensiLEApp.swift in Sources */,
			);
			runOnlyForDeploymentPostprocessing = 0;
		};
		112D915229BD120D0057BB6E /* Sources */ = {
			isa = PBXSourcesBuildPhase;
			buildActionMask = 2147483647;
			files = (
				112DA0E729BF63D70057BB6E /* HomeView.swift in Sources */,
				112DA0EC29BF642D0057BB6E /* EducationView.swift in Sources */,
				112DA0DD29BE6D150057BB6E /* PythonKitTest.swift in Sources */,
				112DA0F629BF64A90057BB6E /* RecordPlayView.swift in Sources */,
				112D915B29BD120D0057BB6E /* mac_extensiLETests.swift in Sources */,
				112DA0F129BF64550057BB6E /* AccountView.swift in Sources */,
				112DA70529BFBB450057BB6E /* AddDataView.swift in Sources */,
			);
			runOnlyForDeploymentPostprocessing = 0;
		};
		112D915C29BD120D0057BB6E /* Sources */ = {
			isa = PBXSourcesBuildPhase;
			buildActionMask = 2147483647;
			files = (
				112DA0F729BF64A90057BB6E /* RecordPlayView.swift in Sources */,
				112DA0F229BF64550057BB6E /* AccountView.swift in Sources */,
				112DA70629BFBB450057BB6E /* AddDataView.swift in Sources */,
				112DA0ED29BF642D0057BB6E /* EducationView.swift in Sources */,
				112D916729BD120D0057BB6E /* mac_extensiLEUITestsLaunchTests.swift in Sources */,
				112DA0E829BF63D70057BB6E /* HomeView.swift in Sources */,
				112DA0DE29BE6D150057BB6E /* PythonKitTest.swift in Sources */,
				112D916529BD120D0057BB6E /* mac_extensiLEUITests.swift in Sources */,
			);
			runOnlyForDeploymentPostprocessing = 0;
		};
/* End PBXSourcesBuildPhase section */

/* Begin PBXTargetDependency section */
		112D915829BD120D0057BB6E /* PBXTargetDependency */ = {
			isa = PBXTargetDependency;
			target = 112D914429BD120C0057BB6E /* mac_extensiLE */;
			targetProxy = 112D915729BD120D0057BB6E /* PBXContainerItemProxy */;
		};
		112D916229BD120D0057BB6E /* PBXTargetDependency */ = {
			isa = PBXTargetDependency;
			target = 112D914429BD120C0057BB6E /* mac_extensiLE */;
			targetProxy = 112D916129BD120D0057BB6E /* PBXContainerItemProxy */;
		};
/* End PBXTargetDependency section */

/* Begin XCBuildConfiguration section */
		112D916829BD120D0057BB6E /* Debug */ = {
			isa = XCBuildConfiguration;
			buildSettings = {
				ALWAYS_SEARCH_USER_PATHS = NO;
				CLANG_ANALYZER_NONNULL = YES;
				CLANG_ANALYZER_NUMBER_OBJECT_CONVERSION = YES_AGGRESSIVE;
				CLANG_CXX_LANGUAGE_STANDARD = "gnu++20";
				CLANG_ENABLE_MODULES = YES;
				CLANG_ENABLE_OBJC_ARC = YES;
				CLANG_ENABLE_OBJC_WEAK = YES;
				CLANG_WARN_BLOCK_CAPTURE_AUTORELEASING = YES;
				CLANG_WARN_BOOL_CONVERSION = YES;
				CLANG_WARN_COMMA = YES;
				CLANG_WARN_CONSTANT_CONVERSION = YES;
				CLANG_WARN_DEPRECATED_OBJC_IMPLEMENTATIONS = YES;
				CLANG_WARN_DIRECT_OBJC_ISA_USAGE = YES_ERROR;
				CLANG_WARN_DOCUMENTATION_COMMENTS = YES;
				CLANG_WARN_EMPTY_BODY = YES;
				CLANG_WARN_ENUM_CONVERSION = YES;
				CLANG_WARN_INFINITE_RECURSION = YES;
				CLANG_WARN_INT_CONVERSION = YES;
				CLANG_WARN_NON_LITERAL_NULL_CONVERSION = YES;
				CLANG_WARN_OBJC_IMPLICIT_RETAIN_SELF = YES;
				CLANG_WARN_OBJC_LITERAL_CONVERSION = YES;
				CLANG_WARN_OBJC_ROOT_CLASS = YES_ERROR;
				CLANG_WARN_QUOTED_INCLUDE_IN_FRAMEWORK_HEADER = YES;
				CLANG_WARN_RANGE_LOOP_ANALYSIS = YES;
				CLANG_WARN_STRICT_PROTOTYPES = YES;
				CLANG_WARN_SUSPICIOUS_MOVE = YES;
				CLANG_WARN_UNGUARDED_AVAILABILITY = YES_AGGRESSIVE;
				CLANG_WARN_UNREACHABLE_CODE = YES;
				CLANG_WARN__DUPLICATE_METHOD_MATCH = YES;
				COPY_PHASE_STRIP = NO;
				DEBUG_INFORMATION_FORMAT = dwarf;
				ENABLE_STRICT_OBJC_MSGSEND = YES;
				ENABLE_TESTABILITY = YES;
				GCC_C_LANGUAGE_STANDARD = gnu11;
				GCC_DYNAMIC_NO_PIC = NO;
				GCC_NO_COMMON_BLOCKS = YES;
				GCC_OPTIMIZATION_LEVEL = 0;
				GCC_PREPROCESSOR_DEFINITIONS = (
					"DEBUG=1",
					"$(inherited)",
				);
				GCC_WARN_64_TO_32_BIT_CONVERSION = YES;
				GCC_WARN_ABOUT_RETURN_TYPE = YES_ERROR;
				GCC_WARN_UNDECLARED_SELECTOR = YES;
				GCC_WARN_UNINITIALIZED_AUTOS = YES_AGGRESSIVE;
				GCC_WARN_UNUSED_FUNCTION = YES;
				GCC_WARN_UNUSED_VARIABLE = YES;
				MACOSX_DEPLOYMENT_TARGET = 13.2;
				MTL_ENABLE_DEBUG_INFO = INCLUDE_SOURCE;
				MTL_FAST_MATH = YES;
				ONLY_ACTIVE_ARCH = YES;
				SDKROOT = macosx;
				SWIFT_ACTIVE_COMPILATION_CONDITIONS = DEBUG;
				SWIFT_OPTIMIZATION_LEVEL = "-Onone";
			};
			name = Debug;
		};
		112D916929BD120D0057BB6E /* Release */ = {
			isa = XCBuildConfiguration;
			buildSettings = {
				ALWAYS_SEARCH_USER_PATHS = NO;
				CLANG_ANALYZER_NONNULL = YES;
				CLANG_ANALYZER_NUMBER_OBJECT_CONVERSION = YES_AGGRESSIVE;
				CLANG_CXX_LANGUAGE_STANDARD = "gnu++20";
				CLANG_ENABLE_MODULES = YES;
				CLANG_ENABLE_OBJC_ARC = YES;
				CLANG_ENABLE_OBJC_WEAK = YES;
				CLANG_WARN_BLOCK_CAPTURE_AUTORELEASING = YES;
				CLANG_WARN_BOOL_CONVERSION = YES;
				CLANG_WARN_COMMA = YES;
				CLANG_WARN_CONSTANT_CONVERSION = YES;
				CLANG_WARN_DEPRECATED_OBJC_IMPLEMENTATIONS = YES;
				CLANG_WARN_DIRECT_OBJC_ISA_USAGE = YES_ERROR;
				CLANG_WARN_DOCUMENTATION_COMMENTS = YES;
				CLANG_WARN_EMPTY_BODY = YES;
				CLANG_WARN_ENUM_CONVERSION = YES;
				CLANG_WARN_INFINITE_RECURSION = YES;
				CLANG_WARN_INT_CONVERSION = YES;
				CLANG_WARN_NON_LITERAL_NULL_CONVERSION = YES;
				CLANG_WARN_OBJC_IMPLICIT_RETAIN_SELF = YES;
				CLANG_WARN_OBJC_LITERAL_CONVERSION = YES;
				CLANG_WARN_OBJC_ROOT_CLASS = YES_ERROR;
				CLANG_WARN_QUOTED_INCLUDE_IN_FRAMEWORK_HEADER = YES;
				CLANG_WARN_RANGE_LOOP_ANALYSIS = YES;
				CLANG_WARN_STRICT_PROTOTYPES = YES;
				CLANG_WARN_SUSPICIOUS_MOVE = YES;
				CLANG_WARN_UNGUARDED_AVAILABILITY = YES_AGGRESSIVE;
				CLANG_WARN_UNREACHABLE_CODE = YES;
				CLANG_WARN__DUPLICATE_METHOD_MATCH = YES;
				COPY_PHASE_STRIP = NO;
				DEBUG_INFORMATION_FORMAT = "dwarf-with-dsym";
				ENABLE_NS_ASSERTIONS = NO;
				ENABLE_STRICT_OBJC_MSGSEND = YES;
				GCC_C_LANGUAGE_STANDARD = gnu11;
				GCC_NO_COMMON_BLOCKS = YES;
				GCC_WARN_64_TO_32_BIT_CONVERSION = YES;
				GCC_WARN_ABOUT_RETURN_TYPE = YES_ERROR;
				GCC_WARN_UNDECLARED_SELECTOR = YES;
				GCC_WARN_UNINITIALIZED_AUTOS = YES_AGGRESSIVE;
				GCC_WARN_UNUSED_FUNCTION = YES;
				GCC_WARN_UNUSED_VARIABLE = YES;
				MACOSX_DEPLOYMENT_TARGET = 13.2;
				MTL_ENABLE_DEBUG_INFO = NO;
				MTL_FAST_MATH = YES;
				SDKROOT = macosx;
				SWIFT_COMPILATION_MODE = wholemodule;
				SWIFT_OPTIMIZATION_LEVEL = "-O";
			};
			name = Release;
		};
		112D916B29BD120D0057BB6E /* Debug */ = {
			isa = XCBuildConfiguration;
			buildSettings = {
				ASSETCATALOG_COMPILER_APPICON_NAME = AppIcon;
				ASSETCATALOG_COMPILER_GLOBAL_ACCENT_COLOR_NAME = AccentColor;
				CODE_SIGN_ENTITLEMENTS = mac_extensiLE/mac_extensiLE.entitlements;
				CODE_SIGN_STYLE = Automatic;
				COMBINE_HIDPI_IMAGES = YES;
				CURRENT_PROJECT_VERSION = 1;
				DEVELOPMENT_ASSET_PATHS = "\"mac_extensiLE/Preview Content\"";
				DEVELOPMENT_TEAM = 59G9VJX9S9;
				ENABLE_HARDENED_RUNTIME = YES;
				ENABLE_PREVIEWS = YES;
				GENERATE_INFOPLIST_FILE = YES;
				INFOPLIST_KEY_NSHumanReadableCopyright = "";
				LD_RUNPATH_SEARCH_PATHS = (
					"$(inherited)",
					"@executable_path/../Frameworks",
				);
				MARKETING_VERSION = 1.0;
				PRODUCT_BUNDLE_IDENTIFIER = "bgwyllie.mac-extensiLE";
				PRODUCT_NAME = "$(TARGET_NAME)";
				SWIFT_EMIT_LOC_STRINGS = YES;
				SWIFT_VERSION = 5.0;
			};
			name = Debug;
		};
		112D916C29BD120D0057BB6E /* Release */ = {
			isa = XCBuildConfiguration;
			buildSettings = {
				ASSETCATALOG_COMPILER_APPICON_NAME = AppIcon;
				ASSETCATALOG_COMPILER_GLOBAL_ACCENT_COLOR_NAME = AccentColor;
				CODE_SIGN_ENTITLEMENTS = mac_extensiLE/mac_extensiLE.entitlements;
				CODE_SIGN_STYLE = Automatic;
				COMBINE_HIDPI_IMAGES = YES;
				CURRENT_PROJECT_VERSION = 1;
				DEVELOPMENT_ASSET_PATHS = "\"mac_extensiLE/Preview Content\"";
				DEVELOPMENT_TEAM = 59G9VJX9S9;
				ENABLE_HARDENED_RUNTIME = YES;
				ENABLE_PREVIEWS = YES;
				GENERATE_INFOPLIST_FILE = YES;
				INFOPLIST_KEY_NSHumanReadableCopyright = "";
				LD_RUNPATH_SEARCH_PATHS = (
					"$(inherited)",
					"@executable_path/../Frameworks",
				);
				MARKETING_VERSION = 1.0;
				PRODUCT_BUNDLE_IDENTIFIER = "bgwyllie.mac-extensiLE";
				PRODUCT_NAME = "$(TARGET_NAME)";
				SWIFT_EMIT_LOC_STRINGS = YES;
				SWIFT_VERSION = 5.0;
			};
			name = Release;
		};
		112D916E29BD120D0057BB6E /* Debug */ = {
			isa = XCBuildConfiguration;
			buildSettings = {
				ALWAYS_EMBED_SWIFT_STANDARD_LIBRARIES = YES;
				BUNDLE_LOADER = "$(TEST_HOST)";
				CODE_SIGN_STYLE = Automatic;
				CURRENT_PROJECT_VERSION = 1;
				DEVELOPMENT_TEAM = 59G9VJX9S9;
				GENERATE_INFOPLIST_FILE = YES;
				MACOSX_DEPLOYMENT_TARGET = 13.2;
				MARKETING_VERSION = 1.0;
				PRODUCT_BUNDLE_IDENTIFIER = "bgwyllie.mac-extensiLETests";
				PRODUCT_NAME = "$(TARGET_NAME)";
				SWIFT_EMIT_LOC_STRINGS = NO;
				SWIFT_VERSION = 5.0;
				TEST_HOST = "$(BUILT_PRODUCTS_DIR)/mac_extensiLE.app/$(BUNDLE_EXECUTABLE_FOLDER_PATH)/mac_extensiLE";
			};
			name = Debug;
		};
		112D916F29BD120D0057BB6E /* Release */ = {
			isa = XCBuildConfiguration;
			buildSettings = {
				ALWAYS_EMBED_SWIFT_STANDARD_LIBRARIES = YES;
				BUNDLE_LOADER = "$(TEST_HOST)";
				CODE_SIGN_STYLE = Automatic;
				CURRENT_PROJECT_VERSION = 1;
				DEVELOPMENT_TEAM = 59G9VJX9S9;
				GENERATE_INFOPLIST_FILE = YES;
				MACOSX_DEPLOYMENT_TARGET = 13.2;
				MARKETING_VERSION = 1.0;
				PRODUCT_BUNDLE_IDENTIFIER = "bgwyllie.mac-extensiLETests";
				PRODUCT_NAME = "$(TARGET_NAME)";
				SWIFT_EMIT_LOC_STRINGS = NO;
				SWIFT_VERSION = 5.0;
				TEST_HOST = "$(BUILT_PRODUCTS_DIR)/mac_extensiLE.app/$(BUNDLE_EXECUTABLE_FOLDER_PATH)/mac_extensiLE";
			};
			name = Release;
		};
		112D917129BD120D0057BB6E /* Debug */ = {
			isa = XCBuildConfiguration;
			buildSettings = {
				ALWAYS_EMBED_SWIFT_STANDARD_LIBRARIES = YES;
				CODE_SIGN_STYLE = Automatic;
				CURRENT_PROJECT_VERSION = 1;
				DEVELOPMENT_TEAM = 59G9VJX9S9;
				GENERATE_INFOPLIST_FILE = YES;
				MARKETING_VERSION = 1.0;
				PRODUCT_BUNDLE_IDENTIFIER = "bgwyllie.mac-extensiLEUITests";
				PRODUCT_NAME = "$(TARGET_NAME)";
				SWIFT_EMIT_LOC_STRINGS = NO;
				SWIFT_VERSION = 5.0;
				TEST_TARGET_NAME = mac_extensiLE;
			};
			name = Debug;
		};
		112D917229BD120D0057BB6E /* Release */ = {
			isa = XCBuildConfiguration;
			buildSettings = {
				ALWAYS_EMBED_SWIFT_STANDARD_LIBRARIES = YES;
				CODE_SIGN_STYLE = Automatic;
				CURRENT_PROJECT_VERSION = 1;
				DEVELOPMENT_TEAM = 59G9VJX9S9;
				GENERATE_INFOPLIST_FILE = YES;
				MARKETING_VERSION = 1.0;
				PRODUCT_BUNDLE_IDENTIFIER = "bgwyllie.mac-extensiLEUITests";
				PRODUCT_NAME = "$(TARGET_NAME)";
				SWIFT_EMIT_LOC_STRINGS = NO;
				SWIFT_VERSION = 5.0;
				TEST_TARGET_NAME = mac_extensiLE;
			};
			name = Release;
		};
/* End XCBuildConfiguration section */

/* Begin XCConfigurationList section */
		112D914029BD120C0057BB6E /* Build configuration list for PBXProject "mac_extensiLE" */ = {
			isa = XCConfigurationList;
			buildConfigurations = (
				112D916829BD120D0057BB6E /* Debug */,
				112D916929BD120D0057BB6E /* Release */,
			);
			defaultConfigurationIsVisible = 0;
			defaultConfigurationName = Release;
		};
		112D916A29BD120D0057BB6E /* Build configuration list for PBXNativeTarget "mac_extensiLE" */ = {
			isa = XCConfigurationList;
			buildConfigurations = (
				112D916B29BD120D0057BB6E /* Debug */,
				112D916C29BD120D0057BB6E /* Release */,
			);
			defaultConfigurationIsVisible = 0;
			defaultConfigurationName = Release;
		};
		112D916D29BD120D0057BB6E /* Build configuration list for PBXNativeTarget "mac_extensiLETests" */ = {
			isa = XCConfigurationList;
			buildConfigurations = (
				112D916E29BD120D0057BB6E /* Debug */,
				112D916F29BD120D0057BB6E /* Release */,
			);
			defaultConfigurationIsVisible = 0;
			defaultConfigurationName = Release;
		};
		112D917029BD120D0057BB6E /* Build configuration list for PBXNativeTarget "mac_extensiLEUITests" */ = {
			isa = XCConfigurationList;
			buildConfigurations = (
				112D917129BD120D0057BB6E /* Debug */,
				112D917229BD120D0057BB6E /* Release */,
			);
			defaultConfigurationIsVisible = 0;
			defaultConfigurationName = Release;
		};
/* End XCConfigurationList section */

/* Begin XCRemoteSwiftPackageReference section */
		112D917329BD12750057BB6E /* XCRemoteSwiftPackageReference "PythonKit" */ = {
			isa = XCRemoteSwiftPackageReference;
			repositoryURL = "https://github.com/pvieito/PythonKit";
			requirement = {
				branch = master;
				kind = branch;
			};
		};
/* End XCRemoteSwiftPackageReference section */

/* Begin XCSwiftPackageProductDependency section */
		112D917429BD12750057BB6E /* PythonKit */ = {
			isa = XCSwiftPackageProductDependency;
			package = 112D917329BD12750057BB6E /* XCRemoteSwiftPackageReference "PythonKit" */;
			productName = PythonKit;
		};
/* End XCSwiftPackageProductDependency section */
	};
	rootObject = 112D913D29BD120C0057BB6E /* Project object */;
}
